// !$*UTF8*$!
{
	archiveVersion = 1;
	classes = {
	};
	objectVersion = 50;
	objects = {

/* Begin PBXBuildFile section */
		AC2724BA227B522E00F3509F /* AppDelegate.swift in Sources */ = {isa = PBXBuildFile; fileRef = AC2724B9227B522E00F3509F /* AppDelegate.swift */; };
		AC2724BC227B522E00F3509F /* ViewController.swift in Sources */ = {isa = PBXBuildFile; fileRef = AC2724BB227B522E00F3509F /* ViewController.swift */; };
		AC2724BF227B522E00F3509F /* Main.storyboard in Resources */ = {isa = PBXBuildFile; fileRef = AC2724BD227B522E00F3509F /* Main.storyboard */; };
		AC2724C1227B523100F3509F /* Assets.xcassets in Resources */ = {isa = PBXBuildFile; fileRef = AC2724C0227B523100F3509F /* Assets.xcassets */; };
		AC2724C4227B523100F3509F /* LaunchScreen.storyboard in Resources */ = {isa = PBXBuildFile; fileRef = AC2724C2227B523100F3509F /* LaunchScreen.storyboard */; };
		AC2724CC227B526400F3509F /* Ball.swift in Sources */ = {isa = PBXBuildFile; fileRef = AC2724CB227B526400F3509F /* Ball.swift */; };
		AC2724CE227B588D00F3509F /* GetBalls.swift in Sources */ = {isa = PBXBuildFile; fileRef = AC2724CD227B588D00F3509F /* GetBalls.swift */; };
/* End PBXBuildFile section */

/* Begin PBXFileReference section */
		AC2724B6227B522E00F3509F /* GravityViews.app */ = {isa = PBXFileReference; explicitFileType = wrapper.application; includeInIndex = 0; path = GravityViews.app; sourceTree = BUILT_PRODUCTS_DIR; };
		AC2724B9227B522E00F3509F /* AppDelegate.swift */ = {isa = PBXFileReference; lastKnownFileType = sourcecode.swift; path = AppDelegate.swift; sourceTree = "<group>"; };
		AC2724BB227B522E00F3509F /* ViewController.swift */ = {isa = PBXFileReference; lastKnownFileType = sourcecode.swift; path = ViewController.swift; sourceTree = "<group>"; };
		AC2724BE227B522E00F3509F /* Base */ = {isa = PBXFileReference; lastKnownFileType = file.storyboard; name = Base; path = Base.lproj/Main.storyboard; sourceTree = "<group>"; };
		AC2724C0227B523100F3509F /* Assets.xcassets */ = {isa = PBXFileReference; lastKnownFileType = folder.assetcatalog; path = Assets.xcassets; sourceTree = "<group>"; };
		AC2724C3227B523100F3509F /* Base */ = {isa = PBXFileReference; lastKnownFileType = file.storyboard; name = Base; path = Base.lproj/LaunchScreen.storyboard; sourceTree = "<group>"; };
		AC2724C5227B523100F3509F /* Info.plist */ = {isa = PBXFileReference; lastKnownFileType = text.plist.xml; path = Info.plist; sourceTree = "<group>"; };
		AC2724CB227B526400F3509F /* Ball.swift */ = {isa = PBXFileReference; lastKnownFileType = sourcecode.swift; path = Ball.swift; sourceTree = "<group>"; };
		AC2724CD227B588D00F3509F /* GetBalls.swift */ = {isa = PBXFileReference; lastKnownFileType = sourcecode.swift; path = GetBalls.swift; sourceTree = "<group>"; };
/* End PBXFileReference section */

/* Begin PBXFrameworksBuildPhase section */
		AC2724B3227B522E00F3509F /* Frameworks */ = {
			isa = PBXFrameworksBuildPhase;
			buildActionMask = 2147483647;
			files = (
			);
			runOnlyForDeploymentPostprocessing = 0;
		};
/* End PBXFrameworksBuildPhase section */

/* Begin PBXGroup section */
		AC2724AD227B522D00F3509F = {
			isa = PBXGroup;
			children = (
				AC2724B8227B522E00F3509F /* GravityViews */,
				AC2724B7227B522E00F3509F /* Products */,
			);
			sourceTree = "<group>";
		};
		AC2724B7227B522E00F3509F /* Products */ = {
			isa = PBXGroup;
			children = (
				AC2724B6227B522E00F3509F /* GravityViews.app */,
			);
			name = Products;
			sourceTree = "<group>";
		};
		AC2724B8227B522E00F3509F /* GravityViews */ = {
			isa = PBXGroup;
			children = (
				AC2724B9227B522E00F3509F /* AppDelegate.swift */,
				AC2724BB227B522E00F3509F /* ViewController.swift */,
				AC2724CD227B588D00F3509F /* GetBalls.swift */,
				AC2724CB227B526400F3509F /* Ball.swift */,
				AC2724BD227B522E00F3509F /* Main.storyboard */,
				AC2724C0227B523100F3509F /* Assets.xcassets */,
				AC2724C2227B523100F3509F /* LaunchScreen.storyboard */,
				AC2724C5227B523100F3509F /* Info.plist */,
			);
			path = GravityViews;
			sourceTree = "<group>";
		};
/* End PBXGroup section */

/* Begin PBXNativeTarget section */
		AC2724B5227B522E00F3509F /* GravityViews */ = {
			isa = PBXNativeTarget;
			buildConfigurationList = AC2724C8227B523100F3509F /* Build configuration list for PBXNativeTarget "GravityViews" */;
			buildPhases = (
				AC2724B2227B522E00F3509F /* Sources */,
				AC2724B3227B522E00F3509F /* Frameworks */,
				AC2724B4227B522E00F3509F /* Resources */,
			);
			buildRules = (
			);
			dependencies = (
			);
			name = GravityViews;
			productName = GravityViews;
			productReference = AC2724B6227B522E00F3509F /* GravityViews.app */;
			productType = "com.apple.product-type.application";
		};
/* End PBXNativeTarget section */

/* Begin PBXProject section */
		AC2724AE227B522D00F3509F /* Project object */ = {
			isa = PBXProject;
			attributes = {
				LastSwiftUpdateCheck = 1020;
				LastUpgradeCheck = 1020;
				ORGANIZATIONNAME = "Артем";
				TargetAttributes = {
					AC2724B5227B522E00F3509F = {
						CreatedOnToolsVersion = 10.2;
					};
				};
			};
			buildConfigurationList = AC2724B1227B522D00F3509F /* Build configuration list for PBXProject "GravityViews" */;
			compatibilityVersion = "Xcode 9.3";
			developmentRegion = en;
			hasScannedForEncodings = 0;
			knownRegions = (
				en,
				Base,
			);
			mainGroup = AC2724AD227B522D00F3509F;
			productRefGroup = AC2724B7227B522E00F3509F /* Products */;
			projectDirPath = "";
			projectRoot = "";
			targets = (
				AC2724B5227B522E00F3509F /* GravityViews */,
			);
		};
/* End PBXProject section */

/* Begin PBXResourcesBuildPhase section */
		AC2724B4227B522E00F3509F /* Resources */ = {
			isa = PBXResourcesBuildPhase;
			buildActionMask = 2147483647;
			files = (
				AC2724C4227B523100F3509F /* LaunchScreen.storyboard in Resources */,
				AC2724C1227B523100F3509F /* Assets.xcassets in Resources */,
				AC2724BF227B522E00F3509F /* Main.storyboard in Resources */,
			);
			runOnlyForDeploymentPostprocessing = 0;
		};
/* End PBXResourcesBuildPhase section */

/* Begin PBXSourcesBuildPhase section */
		AC2724B2227B522E00F3509F /* Sources */ = {
			isa = PBXSourcesBuildPhase;
			buildActionMask = 2147483647;
			files = (
				AC2724CC227B526400F3509F /* Ball.swift in Sources */,
				AC2724BC227B522E00F3509F /* ViewController.swift in Sources */,
				AC2724BA227B522E00F3509F /* AppDelegate.swift in Sources */,
				AC2724CE227B588D00F3509F /* GetBalls.swift in Sources */,
			);
			runOnlyForDeploymentPostprocessing = 0;
		};
/* End PBXSourcesBuildPhase section */

/* Begin PBXVariantGroup section */
		AC2724BD227B522E00F3509F /* Main.storyboard */ = {
			isa = PBXVariantGroup;
			children = (
				AC2724BE227B522E00F3509F /* Base */,
			);
			name = Main.storyboard;
			sourceTree = "<group>";
		};
		AC2724C2227B523100F3509F /* LaunchScreen.storyboard */ = {
			isa = PBXVariantGroup;
			children = (
				AC2724C3227B523100F3509F /* Base */,
			);
			name = LaunchScreen.storyboard;
			sourceTree = "<group>";
		};
/* End PBXVariantGroup section */

/* Begin XCBuildConfiguration section */
		AC2724C6227B523100F3509F /* Debug */ = {
			isa = XCBuildConfiguration;
			buildSettings = {
				ALWAYS_SEARCH_USER_PATHS = NO;
				CLANG_ANALYZER_NONNULL = YES;
				CLANG_ANALYZER_NUMBER_OBJECT_CONVERSION = YES_AGGRESSIVE;
				CLANG_CXX_LANGUAGE_STANDARD = "gnu++14";
				CLANG_CXX_LIBRARY = "libc++";
				CLANG_ENABLE_MODULES = YES;
				CLANG_ENABLE_OBJC_ARC = YES;
				CLANG_ENABLE_OBJC_WEAK = YES;
				CLANG_WARN_BLOCK_CAPTURE_AUTORELEASING = YES;
				CLANG_WARN_BOOL_CONVERSION = YES;
				CLANG_WARN_COMMA = YES;
				CLANG_WARN_CONSTANT_CONVERSION = YES;
				CLANG_WARN_DEPRECATED_OBJC_IMPLEMENTATIONS = YES;
				CLANG_WARN_DIRECT_OBJC_ISA_USAGE = YES_ERROR;
				CLANG_WARN_DOCUMENTATION_COMMENTS = YES;
				CLANG_WARN_EMPTY_BODY = YES;
				CLANG_WARN_ENUM_CONVERSION = YES;
				CLANG_WARN_INFINITE_RECURSION = YES;
				CLANG_WARN_INT_CONVERSION = YES;
				CLANG_WARN_NON_LITERAL_NULL_CONVERSION = YES;
				CLANG_WARN_OBJC_IMPLICIT_RETAIN_SELF = YES;
				CLANG_WARN_OBJC_LITERAL_CONVERSION = YES;
				CLANG_WARN_OBJC_ROOT_CLASS = YES_ERROR;
				CLANG_WARN_RANGE_LOOP_ANALYSIS = YES;
				CLANG_WARN_STRICT_PROTOTYPES = YES;
				CLANG_WARN_SUSPICIOUS_MOVE = YES;
				CLANG_WARN_UNGUARDED_AVAILABILITY = YES_AGGRESSIVE;
				CLANG_WARN_UNREACHABLE_CODE = YES;
				CLANG_WARN__DUPLICATE_METHOD_MATCH = YES;
				CODE_SIGN_IDENTITY = "iPhone Developer";
				COPY_PHASE_STRIP = NO;
				DEBUG_INFORMATION_FORMAT = dwarf;
				ENABLE_STRICT_OBJC_MSGSEND = YES;
				ENABLE_TESTABILITY = YES;
				GCC_C_LANGUAGE_STANDARD = gnu11;
				GCC_DYNAMIC_NO_PIC = NO;
				GCC_NO_COMMON_BLOCKS = YES;
				GCC_OPTIMIZATION_LEVEL = 0;
				GCC_PREPROCESSOR_DEFINITIONS = (
					"DEBUG=1",
					"$(inherited)",
				);
				GCC_WARN_64_TO_32_BIT_CONVERSION = YES;
				GCC_WARN_ABOUT_RETURN_TYPE = YES_ERROR;
				GCC_WARN_UNDECLARED_SELECTOR = YES;
				GCC_WARN_UNINITIALIZED_AUTOS = YES_AGGRESSIVE;
				GCC_WARN_UNUSED_FUNCTION = YES;
				GCC_WARN_UNUSED_VARIABLE = YES;
				IPHONEOS_DEPLOYMENT_TARGET = 12.2;
				MTL_ENABLE_DEBUG_INFO = INCLUDE_SOURCE;
				MTL_FAST_MATH = YES;
				ONLY_ACTIVE_ARCH = YES;
				SDKROOT = iphoneos;
				SWIFT_ACTIVE_COMPILATION_CONDITIONS = DEBUG;
				SWIFT_OPTIMIZATION_LEVEL = "-Onone";
			};
			name = Debug;
		};
		AC2724C7227B523100F3509F /* Release */ = {
			isa = XCBuildConfiguration;
			buildSettings = {
				ALWAYS_SEARCH_USER_PATHS = NO;
				CLANG_ANALYZER_NONNULL = YES;
				CLANG_ANALYZER_NUMBER_OBJECT_CONVERSION = YES_AGGRESSIVE;
				CLANG_CXX_LANGUAGE_STANDARD = "gnu++14";
				CLANG_CXX_LIBRARY = "libc++";
				CLANG_ENABLE_MODULES = YES;
				CLANG_ENABLE_OBJC_ARC = YES;
				CLANG_ENABLE_OBJC_WEAK = YES;
				CLANG_WARN_BLOCK_CAPTURE_AUTORELEASING = YES;
				CLANG_WARN_BOOL_CONVERSION = YES;
				CLANG_WARN_COMMA = YES;
				CLANG_WARN_CONSTANT_CONVERSION = YES;
				CLANG_WARN_DEPRECATED_OBJC_IMPLEMENTATIONS = YES;
				CLANG_WARN_DIRECT_OBJC_ISA_USAGE = YES_ERROR;
				CLANG_WARN_DOCUMENTATION_COMMENTS = YES;
				CLANG_WARN_EMPTY_BODY = YES;
				CLANG_WARN_ENUM_CONVERSION = YES;
				CLANG_WARN_INFINITE_RECURSION = YES;
				CLANG_WARN_INT_CONVERSION = YES;
				CLANG_WARN_NON_LITERAL_NULL_CONVERSION = YES;
				CLANG_WARN_OBJC_IMPLICIT_RETAIN_SELF = YES;
				CLANG_WARN_OBJC_LITERAL_CONVERSION = YES;
				CLANG_WARN_OBJC_ROOT_CLASS = YES_ERROR;
				CLANG_WARN_RANGE_LOOP_ANALYSIS = YES;
				CLANG_WARN_STRICT_PROTOTYPES = YES;
				CLANG_WARN_SUSPICIOUS_MOVE = YES;
				CLANG_WARN_UNGUARDED_AVAILABILITY = YES_AGGRESSIVE;
				CLANG_WARN_UNREACHABLE_CODE = YES;
				CLANG_WARN__DUPLICATE_METHOD_MATCH = YES;
				CODE_SIGN_IDENTITY = "iPhone Developer";
				COPY_PHASE_STRIP = NO;
				DEBUG_INFORMATION_FORMAT = "dwarf-with-dsym";
				ENABLE_NS_ASSERTIONS = NO;
				ENABLE_STRICT_OBJC_MSGSEND = YES;
				GCC_C_LANGUAGE_STANDARD = gnu11;
				GCC_NO_COMMON_BLOCKS = YES;
				GCC_WARN_64_TO_32_BIT_CONVERSION = YES;
				GCC_WARN_ABOUT_RETURN_TYPE = YES_ERROR;
				GCC_WARN_UNDECLARED_SELECTOR = YES;
				GCC_WARN_UNINITIALIZED_AUTOS = YES_AGGRESSIVE;
				GCC_WARN_UNUSED_FUNCTION = YES;
				GCC_WARN_UNUSED_VARIABLE = YES;
				IPHONEOS_DEPLOYMENT_TARGET = 12.2;
				MTL_ENABLE_DEBUG_INFO = NO;
				MTL_FAST_MATH = YES;
				SDKROOT = iphoneos;
				SWIFT_COMPILATION_MODE = wholemodule;
				SWIFT_OPTIMIZATION_LEVEL = "-O";
				VALIDATE_PRODUCT = YES;
			};
			name = Release;
		};
		AC2724C9227B523100F3509F /* Debug */ = {
			isa = XCBuildConfiguration;
			buildSettings = {
				ASSETCATALOG_COMPILER_APPICON_NAME = AppIcon;
				CODE_SIGN_STYLE = Automatic;
				INFOPLIST_FILE = GravityViews/Info.plist;
				LD_RUNPATH_SEARCH_PATHS = (
					"$(inherited)",
					"@executable_path/Frameworks",
				);
				PRODUCT_BUNDLE_IDENTIFIER = Art.GravityViews;
				PRODUCT_NAME = "$(TARGET_NAME)";
				SWIFT_VERSION = 5.0;
				TARGETED_DEVICE_FAMILY = "1,2";
			};
			name = Debug;
		};
		AC2724CA227B523100F3509F /* Release */ = {
			isa = XCBuildConfiguration;
			buildSettings = {
				ASSETCATALOG_COMPILER_APPICON_NAME = AppIcon;
				CODE_SIGN_STYLE = Automatic;
				INFOPLIST_FILE = GravityViews/Info.plist;
				LD_RUNPATH_SEARCH_PATHS = (
					"$(inherited)",
					"@executable_path/Frameworks",
				);
				PRODUCT_BUNDLE_IDENTIFIER = Art.GravityViews;
				PRODUCT_NAME = "$(TARGET_NAME)";
				SWIFT_VERSION = 5.0;
				TARGETED_DEVICE_FAMILY = "1,2";
			};
			name = Release;
		};
/* End XCBuildConfiguration section */

/* Begin XCConfigurationList section */
		AC2724B1227B522D00F3509F /* Build configuration list for PBXProject "GravityViews" */ = {
			isa = XCConfigurationList;
			buildConfigurations = (
				AC2724C6227B523100F3509F /* Debug */,
				AC2724C7227B523100F3509F /* Release */,
			);
			defaultConfigurationIsVisible = 0;
			defaultConfigurationName = Release;
		};
		AC2724C8227B523100F3509F /* Build configuration list for PBXNativeTarget "GravityViews" */ = {
			isa = XCConfigurationList;
			buildConfigurations = (
				AC2724C9227B523100F3509F /* Debug */,
				AC2724CA227B523100F3509F /* Release */,
			);
			defaultConfigurationIsVisible = 0;
			defaultConfigurationName = Release;
		};
/* End XCConfigurationList section */
	};
	rootObject = AC2724AE227B522D00F3509F /* Project object */;
}
